// !$*UTF8*$!
{
	archiveVersion = 1;
	classes = {
	};
	objectVersion = 50;
	objects = {

/* Begin PBXBuildFile section */
		21D0EAEF20FD835000D474A5 /* AppDelegate.swift in Sources */ = {isa = PBXBuildFile; fileRef = 21D0EAEE20FD835000D474A5 /* AppDelegate.swift */; };
		21D0EAF120FD835000D474A5 /* ViewController.swift in Sources */ = {isa = PBXBuildFile; fileRef = 21D0EAF020FD835000D474A5 /* ViewController.swift */; };
		21D0EAF420FD835000D474A5 /* Main.storyboard in Resources */ = {isa = PBXBuildFile; fileRef = 21D0EAF220FD835000D474A5 /* Main.storyboard */; };
		21D0EAF620FD835200D474A5 /* Assets.xcassets in Resources */ = {isa = PBXBuildFile; fileRef = 21D0EAF520FD835200D474A5 /* Assets.xcassets */; };
		21D0EAF920FD835200D474A5 /* LaunchScreen.storyboard in Resources */ = {isa = PBXBuildFile; fileRef = 21D0EAF720FD835200D474A5 /* LaunchScreen.storyboard */; };
		21D0EB0420FD835200D474A5 /* MyDrinkWaterTests.swift in Sources */ = {isa = PBXBuildFile; fileRef = 21D0EB0320FD835200D474A5 /* MyDrinkWaterTests.swift */; };
		21D0EB0F20FD835200D474A5 /* MyDrinkWaterUITests.swift in Sources */ = {isa = PBXBuildFile; fileRef = 21D0EB0E20FD835200D474A5 /* MyDrinkWaterUITests.swift */; };
		7A96A03C8F263585C8940D9D /* Pods_MyDrinkWater.framework in Frameworks */ = {isa = PBXBuildFile; fileRef = 5814D467F7F5FA4830DB35EB /* Pods_MyDrinkWater.framework */; };
/* End PBXBuildFile section */

/* Begin PBXContainerItemProxy section */
		21D0EB0020FD835200D474A5 /* PBXContainerItemProxy */ = {
			isa = PBXContainerItemProxy;
			containerPortal = 21D0EAE320FD835000D474A5 /* Project object */;
			proxyType = 1;
			remoteGlobalIDString = 21D0EAEA20FD835000D474A5;
			remoteInfo = MyDrinkWater;
		};
		21D0EB0B20FD835200D474A5 /* PBXContainerItemProxy */ = {
			isa = PBXContainerItemProxy;
			containerPortal = 21D0EAE320FD835000D474A5 /* Project object */;
			proxyType = 1;
			remoteGlobalIDString = 21D0EAEA20FD835000D474A5;
			remoteInfo = MyDrinkWater;
		};
/* End PBXContainerItemProxy section */

/* Begin PBXFileReference section */
		21A626630DB4B315232508E5 /* Pods-MyDrinkWater.release.xcconfig */ = {isa = PBXFileReference; includeInIndex = 1; lastKnownFileType = text.xcconfig; name = "Pods-MyDrinkWater.release.xcconfig"; path = "Pods/Target Support Files/Pods-MyDrinkWater/Pods-MyDrinkWater.release.xcconfig"; sourceTree = "<group>"; };
		21D0EAEB20FD835000D474A5 /* MyDrinkWater.app */ = {isa = PBXFileReference; explicitFileType = wrapper.application; includeInIndex = 0; path = MyDrinkWater.app; sourceTree = BUILT_PRODUCTS_DIR; };
		21D0EAEE20FD835000D474A5 /* AppDelegate.swift */ = {isa = PBXFileReference; lastKnownFileType = sourcecode.swift; path = AppDelegate.swift; sourceTree = "<group>"; };
		21D0EAF020FD835000D474A5 /* ViewController.swift */ = {isa = PBXFileReference; lastKnownFileType = sourcecode.swift; path = ViewController.swift; sourceTree = "<group>"; };
		21D0EAF320FD835000D474A5 /* Base */ = {isa = PBXFileReference; lastKnownFileType = file.storyboard; name = Base; path = Base.lproj/Main.storyboard; sourceTree = "<group>"; };
		21D0EAF520FD835200D474A5 /* Assets.xcassets */ = {isa = PBXFileReference; lastKnownFileType = folder.assetcatalog; path = Assets.xcassets; sourceTree = "<group>"; };
		21D0EAF820FD835200D474A5 /* Base */ = {isa = PBXFileReference; lastKnownFileType = file.storyboard; name = Base; path = Base.lproj/LaunchScreen.storyboard; sourceTree = "<group>"; };
		21D0EAFA20FD835200D474A5 /* Info.plist */ = {isa = PBXFileReference; lastKnownFileType = text.plist.xml; path = Info.plist; sourceTree = "<group>"; };
		21D0EAFF20FD835200D474A5 /* MyDrinkWaterTests.xctest */ = {isa = PBXFileReference; explicitFileType = wrapper.cfbundle; includeInIndex = 0; path = MyDrinkWaterTests.xctest; sourceTree = BUILT_PRODUCTS_DIR; };
		21D0EB0320FD835200D474A5 /* MyDrinkWaterTests.swift */ = {isa = PBXFileReference; lastKnownFileType = sourcecode.swift; path = MyDrinkWaterTests.swift; sourceTree = "<group>"; };
		21D0EB0520FD835200D474A5 /* Info.plist */ = {isa = PBXFileReference; lastKnownFileType = text.plist.xml; path = Info.plist; sourceTree = "<group>"; };
		21D0EB0A20FD835200D474A5 /* MyDrinkWaterUITests.xctest */ = {isa = PBXFileReference; explicitFileType = wrapper.cfbundle; includeInIndex = 0; path = MyDrinkWaterUITests.xctest; sourceTree = BUILT_PRODUCTS_DIR; };
		21D0EB0E20FD835200D474A5 /* MyDrinkWaterUITests.swift */ = {isa = PBXFileReference; lastKnownFileType = sourcecode.swift; path = MyDrinkWaterUITests.swift; sourceTree = "<group>"; };
		21D0EB1020FD835200D474A5 /* Info.plist */ = {isa = PBXFileReference; lastKnownFileType = text.plist.xml; path = Info.plist; sourceTree = "<group>"; };
		5814D467F7F5FA4830DB35EB /* Pods_MyDrinkWater.framework */ = {isa = PBXFileReference; explicitFileType = wrapper.framework; includeInIndex = 0; path = Pods_MyDrinkWater.framework; sourceTree = BUILT_PRODUCTS_DIR; };
		B13A5E2CACBCF64EF37996B2 /* Pods-MyDrinkWater.debug.xcconfig */ = {isa = PBXFileReference; includeInIndex = 1; lastKnownFileType = text.xcconfig; name = "Pods-MyDrinkWater.debug.xcconfig"; path = "Pods/Target Support Files/Pods-MyDrinkWater/Pods-MyDrinkWater.debug.xcconfig"; sourceTree = "<group>"; };
/* End PBXFileReference section */

/* Begin PBXFrameworksBuildPhase section */
		21D0EAE820FD835000D474A5 /* Frameworks */ = {
			isa = PBXFrameworksBuildPhase;
			buildActionMask = 2147483647;
			files = (
				7A96A03C8F263585C8940D9D /* Pods_MyDrinkWater.framework in Frameworks */,
			);
			runOnlyForDeploymentPostprocessing = 0;
		};
		21D0EAFC20FD835200D474A5 /* Frameworks */ = {
			isa = PBXFrameworksBuildPhase;
			buildActionMask = 2147483647;
			files = (
			);
			runOnlyForDeploymentPostprocessing = 0;
		};
		21D0EB0720FD835200D474A5 /* Frameworks */ = {
			isa = PBXFrameworksBuildPhase;
			buildActionMask = 2147483647;
			files = (
			);
			runOnlyForDeploymentPostprocessing = 0;
		};
/* End PBXFrameworksBuildPhase section */

/* Begin PBXGroup section */
		1A9FFCE86D5EFA36F0A018E6 /* Frameworks */ = {
			isa = PBXGroup;
			children = (
				5814D467F7F5FA4830DB35EB /* Pods_MyDrinkWater.framework */,
			);
			name = Frameworks;
			sourceTree = "<group>";
		};
		21D0EAE220FD835000D474A5 = {
			isa = PBXGroup;
			children = (
				21D0EAED20FD835000D474A5 /* MyDrinkWater */,
				21D0EB0220FD835200D474A5 /* MyDrinkWaterTests */,
				21D0EB0D20FD835200D474A5 /* MyDrinkWaterUITests */,
				21D0EAEC20FD835000D474A5 /* Products */,
				54E254FA804F875FDDB7AF04 /* Pods */,
				1A9FFCE86D5EFA36F0A018E6 /* Frameworks */,
			);
			sourceTree = "<group>";
		};
		21D0EAEC20FD835000D474A5 /* Products */ = {
			isa = PBXGroup;
			children = (
				21D0EAEB20FD835000D474A5 /* MyDrinkWater.app */,
				21D0EAFF20FD835200D474A5 /* MyDrinkWaterTests.xctest */,
				21D0EB0A20FD835200D474A5 /* MyDrinkWaterUITests.xctest */,
			);
			name = Products;
			sourceTree = "<group>";
		};
		21D0EAED20FD835000D474A5 /* MyDrinkWater */ = {
			isa = PBXGroup;
			children = (
				21D0EAEE20FD835000D474A5 /* AppDelegate.swift */,
				21D0EAF020FD835000D474A5 /* ViewController.swift */,
				21D0EAF220FD835000D474A5 /* Main.storyboard */,
				21D0EAF520FD835200D474A5 /* Assets.xcassets */,
				21D0EAF720FD835200D474A5 /* LaunchScreen.storyboard */,
				21D0EAFA20FD835200D474A5 /* Info.plist */,
			);
			path = MyDrinkWater;
			sourceTree = "<group>";
		};
		21D0EB0220FD835200D474A5 /* MyDrinkWaterTests */ = {
			isa = PBXGroup;
			children = (
				21D0EB0320FD835200D474A5 /* MyDrinkWaterTests.swift */,
				21D0EB0520FD835200D474A5 /* Info.plist */,
			);
			path = MyDrinkWaterTests;
			sourceTree = "<group>";
		};
		21D0EB0D20FD835200D474A5 /* MyDrinkWaterUITests */ = {
			isa = PBXGroup;
			children = (
				21D0EB0E20FD835200D474A5 /* MyDrinkWaterUITests.swift */,
				21D0EB1020FD835200D474A5 /* Info.plist */,
			);
			path = MyDrinkWaterUITests;
			sourceTree = "<group>";
		};
		54E254FA804F875FDDB7AF04 /* Pods */ = {
			isa = PBXGroup;
			children = (
				B13A5E2CACBCF64EF37996B2 /* Pods-MyDrinkWater.debug.xcconfig */,
				21A626630DB4B315232508E5 /* Pods-MyDrinkWater.release.xcconfig */,
			);
			name = Pods;
			sourceTree = "<group>";
		};
/* End PBXGroup section */

/* Begin PBXNativeTarget section */
		21D0EAEA20FD835000D474A5 /* MyDrinkWater */ = {
			isa = PBXNativeTarget;
			buildConfigurationList = 21D0EB1320FD835200D474A5 /* Build configuration list for PBXNativeTarget "MyDrinkWater" */;
			buildPhases = (
				0014762754945D67671764D7 /* [CP] Check Pods Manifest.lock */,
				21D0EAE720FD835000D474A5 /* Sources */,
				21D0EAE820FD835000D474A5 /* Frameworks */,
				21D0EAE920FD835000D474A5 /* Resources */,
				EE6CB98DA0CD8368FB074339 /* [CP] Embed Pods Frameworks */,
				218A7F3D20FDD610001FC084 /* ShellScript */,
			);
			buildRules = (
			);
			dependencies = (
			);
			name = MyDrinkWater;
			productName = MyDrinkWater;
			productReference = 21D0EAEB20FD835000D474A5 /* MyDrinkWater.app */;
			productType = "com.apple.product-type.application";
		};
		21D0EAFE20FD835200D474A5 /* MyDrinkWaterTests */ = {
			isa = PBXNativeTarget;
			buildConfigurationList = 21D0EB1620FD835200D474A5 /* Build configuration list for PBXNativeTarget "MyDrinkWaterTests" */;
			buildPhases = (
				21D0EAFB20FD835200D474A5 /* Sources */,
				21D0EAFC20FD835200D474A5 /* Frameworks */,
				21D0EAFD20FD835200D474A5 /* Resources */,
			);
			buildRules = (
			);
			dependencies = (
				21D0EB0120FD835200D474A5 /* PBXTargetDependency */,
			);
			name = MyDrinkWaterTests;
			productName = MyDrinkWaterTests;
			productReference = 21D0EAFF20FD835200D474A5 /* MyDrinkWaterTests.xctest */;
			productType = "com.apple.product-type.bundle.unit-test";
		};
		21D0EB0920FD835200D474A5 /* MyDrinkWaterUITests */ = {
			isa = PBXNativeTarget;
			buildConfigurationList = 21D0EB1920FD835200D474A5 /* Build configuration list for PBXNativeTarget "MyDrinkWaterUITests" */;
			buildPhases = (
				21D0EB0620FD835200D474A5 /* Sources */,
				21D0EB0720FD835200D474A5 /* Frameworks */,
				21D0EB0820FD835200D474A5 /* Resources */,
			);
			buildRules = (
			);
			dependencies = (
				21D0EB0C20FD835200D474A5 /* PBXTargetDependency */,
			);
			name = MyDrinkWaterUITests;
			productName = MyDrinkWaterUITests;
			productReference = 21D0EB0A20FD835200D474A5 /* MyDrinkWaterUITests.xctest */;
			productType = "com.apple.product-type.bundle.ui-testing";
		};
/* End PBXNativeTarget section */

/* Begin PBXProject section */
		21D0EAE320FD835000D474A5 /* Project object */ = {
			isa = PBXProject;
			attributes = {
				LastSwiftUpdateCheck = 0940;
				LastUpgradeCheck = 0940;
				ORGANIZATIONNAME = "陈中宝";
				TargetAttributes = {
					21D0EAEA20FD835000D474A5 = {
						CreatedOnToolsVersion = 9.4.1;
					};
					21D0EAFE20FD835200D474A5 = {
						CreatedOnToolsVersion = 9.4.1;
						TestTargetID = 21D0EAEA20FD835000D474A5;
					};
					21D0EB0920FD835200D474A5 = {
						CreatedOnToolsVersion = 9.4.1;
						TestTargetID = 21D0EAEA20FD835000D474A5;
					};
				};
			};
			buildConfigurationList = 21D0EAE620FD835000D474A5 /* Build configuration list for PBXProject "MyDrinkWater" */;
			compatibilityVersion = "Xcode 9.3";
			developmentRegion = en;
			hasScannedForEncodings = 0;
			knownRegions = (
				en,
				Base,
			);
			mainGroup = 21D0EAE220FD835000D474A5;
			productRefGroup = 21D0EAEC20FD835000D474A5 /* Products */;
			projectDirPath = "";
			projectRoot = "";
			targets = (
				21D0EAEA20FD835000D474A5 /* MyDrinkWater */,
				21D0EAFE20FD835200D474A5 /* MyDrinkWaterTests */,
				21D0EB0920FD835200D474A5 /* MyDrinkWaterUITests */,
			);
		};
/* End PBXProject section */

/* Begin PBXResourcesBuildPhase section */
		21D0EAE920FD835000D474A5 /* Resources */ = {
			isa = PBXResourcesBuildPhase;
			buildActionMask = 2147483647;
			files = (
				21D0EAF920FD835200D474A5 /* LaunchScreen.storyboard in Resources */,
				21D0EAF620FD835200D474A5 /* Assets.xcassets in Resources */,
				21D0EAF420FD835000D474A5 /* Main.storyboard in Resources */,
			);
			runOnlyForDeploymentPostprocessing = 0;
		};
		21D0EAFD20FD835200D474A5 /* Resources */ = {
			isa = PBXResourcesBuildPhase;
			buildActionMask = 2147483647;
			files = (
			);
			runOnlyForDeploymentPostprocessing = 0;
		};
		21D0EB0820FD835200D474A5 /* Resources */ = {
			isa = PBXResourcesBuildPhase;
			buildActionMask = 2147483647;
			files = (
			);
			runOnlyForDeploymentPostprocessing = 0;
		};
/* End PBXResourcesBuildPhase section */

/* Begin PBXShellScriptBuildPhase section */
		0014762754945D67671764D7 /* [CP] Check Pods Manifest.lock */ = {
			isa = PBXShellScriptBuildPhase;
			buildActionMask = 2147483647;
			files = (
			);
			inputPaths = (
				"${PODS_PODFILE_DIR_PATH}/Podfile.lock",
				"${PODS_ROOT}/Manifest.lock",
			);
			name = "[CP] Check Pods Manifest.lock";
			outputPaths = (
				"$(DERIVED_FILE_DIR)/Pods-MyDrinkWater-checkManifestLockResult.txt",
			);
			runOnlyForDeploymentPostprocessing = 0;
			shellPath = /bin/sh;
			shellScript = "diff \"${PODS_PODFILE_DIR_PATH}/Podfile.lock\" \"${PODS_ROOT}/Manifest.lock\" > /dev/null\nif [ $? != 0 ] ; then\n    # print error to STDERR\n    echo \"error: The sandbox is not in sync with the Podfile.lock. Run 'pod install' or update your CocoaPods installation.\" >&2\n    exit 1\nfi\n# This output is used by Xcode 'outputs' to avoid re-running this script phase.\necho \"SUCCESS\" > \"${SCRIPT_OUTPUT_FILE_0}\"\n";
			showEnvVarsInLog = 0;
		};
		218A7F3D20FDD610001FC084 /* ShellScript */ = {
			isa = PBXShellScriptBuildPhase;
			buildActionMask = 2147483647;
			files = (
			);
			inputPaths = (
			);
			outputPaths = (
			);
			runOnlyForDeploymentPostprocessing = 0;
			shellPath = /bin/sh;
			shellScript = "echo \"=============================\"\n#buildNumber=$(/usr/libexec/PlistBuddy -c \"Print CFBundleVersion\" \"$INFOPLIST_FILE\")\n#buildNumber=$(($buildNumber + 1))\n#/usr/libexec/PlistBuddy -c \"Set :CFBundleVersion $buildNumber\" \"$INFOPLIST_FILE\"\nenv\necho \"=============================\"\n\n";
		};
		EE6CB98DA0CD8368FB074339 /* [CP] Embed Pods Frameworks */ = {
			isa = PBXShellScriptBuildPhase;
			buildActionMask = 2147483647;
			files = (
			);
			inputPaths = (
				"${SRCROOT}/Pods/Target Support Files/Pods-MyDrinkWater/Pods-MyDrinkWater-frameworks.sh",
				"${BUILT_PRODUCTS_DIR}/RxCocoa/RxCocoa.framework",
				"${BUILT_PRODUCTS_DIR}/RxSwift/RxSwift.framework",
			);
			name = "[CP] Embed Pods Frameworks";
			outputPaths = (
				"${TARGET_BUILD_DIR}/${FRAMEWORKS_FOLDER_PATH}/RxCocoa.framework",
				"${TARGET_BUILD_DIR}/${FRAMEWORKS_FOLDER_PATH}/RxSwift.framework",
			);
			runOnlyForDeploymentPostprocessing = 0;
			shellPath = /bin/sh;
			shellScript = "\"${SRCROOT}/Pods/Target Support Files/Pods-MyDrinkWater/Pods-MyDrinkWater-frameworks.sh\"\n";
			showEnvVarsInLog = 0;
		};
/* End PBXShellScriptBuildPhase section */

/* Begin PBXSourcesBuildPhase section */
		21D0EAE720FD835000D474A5 /* Sources */ = {
			isa = PBXSourcesBuildPhase;
			buildActionMask = 2147483647;
			files = (
				21D0EAF120FD835000D474A5 /* ViewController.swift in Sources */,
				21D0EAEF20FD835000D474A5 /* AppDelegate.swift in Sources */,
			);
			runOnlyForDeploymentPostprocessing = 0;
		};
		21D0EAFB20FD835200D474A5 /* Sources */ = {
			isa = PBXSourcesBuildPhase;
			buildActionMask = 2147483647;
			files = (
				21D0EB0420FD835200D474A5 /* MyDrinkWaterTests.swift in Sources */,
			);
			runOnlyForDeploymentPostprocessing = 0;
		};
		21D0EB0620FD835200D474A5 /* Sources */ = {
			isa = PBXSourcesBuildPhase;
			buildActionMask = 2147483647;
			files = (
				21D0EB0F20FD835200D474A5 /* MyDrinkWaterUITests.swift in Sources */,
			);
			runOnlyForDeploymentPostprocessing = 0;
		};
/* End PBXSourcesBuildPhase section */

/* Begin PBXTargetDependency section */
		21D0EB0120FD835200D474A5 /* PBXTargetDependency */ = {
			isa = PBXTargetDependency;
			target = 21D0EAEA20FD835000D474A5 /* MyDrinkWater */;
			targetProxy = 21D0EB0020FD835200D474A5 /* PBXContainerItemProxy */;
		};
		21D0EB0C20FD835200D474A5 /* PBXTargetDependency */ = {
			isa = PBXTargetDependency;
			target = 21D0EAEA20FD835000D474A5 /* MyDrinkWater */;
			targetProxy = 21D0EB0B20FD835200D474A5 /* PBXContainerItemProxy */;
		};
/* End PBXTargetDependency section */

/* Begin PBXVariantGroup section */
		21D0EAF220FD835000D474A5 /* Main.storyboard */ = {
			isa = PBXVariantGroup;
			children = (
				21D0EAF320FD835000D474A5 /* Base */,
			);
			name = Main.storyboard;
			sourceTree = "<group>";
		};
		21D0EAF720FD835200D474A5 /* LaunchScreen.storyboard */ = {
			isa = PBXVariantGroup;
			children = (
				21D0EAF820FD835200D474A5 /* Base */,
			);
			name = LaunchScreen.storyboard;
			sourceTree = "<group>";
		};
/* End PBXVariantGroup section */

/* Begin XCBuildConfiguration section */
		21D0EB1120FD835200D474A5 /* Debug */ = {
			isa = XCBuildConfiguration;
			buildSettings = {
				ALWAYS_SEARCH_USER_PATHS = NO;
				CLANG_ANALYZER_NONNULL = YES;
				CLANG_ANALYZER_NUMBER_OBJECT_CONVERSION = YES_AGGRESSIVE;
				CLANG_CXX_LANGUAGE_STANDARD = "gnu++14";
				CLANG_CXX_LIBRARY = "libc++";
				CLANG_ENABLE_MODULES = YES;
				CLANG_ENABLE_OBJC_ARC = YES;
				CLANG_ENABLE_OBJC_WEAK = YES;
				CLANG_WARN_BLOCK_CAPTURE_AUTORELEASING = YES;
				CLANG_WARN_BOOL_CONVERSION = YES;
				CLANG_WARN_COMMA = YES;
				CLANG_WARN_CONSTANT_CONVERSION = YES;
				CLANG_WARN_DEPRECATED_OBJC_IMPLEMENTATIONS = YES;
				CLANG_WARN_DIRECT_OBJC_ISA_USAGE = YES_ERROR;
				CLANG_WARN_DOCUMENTATION_COMMENTS = YES;
				CLANG_WARN_EMPTY_BODY = YES;
				CLANG_WARN_ENUM_CONVERSION = YES;
				CLANG_WARN_INFINITE_RECURSION = YES;
				CLANG_WARN_INT_CONVERSION = YES;
				CLANG_WARN_NON_LITERAL_NULL_CONVERSION = YES;
				CLANG_WARN_OBJC_IMPLICIT_RETAIN_SELF = YES;
				CLANG_WARN_OBJC_LITERAL_CONVERSION = YES;
				CLANG_WARN_OBJC_ROOT_CLASS = YES_ERROR;
				CLANG_WARN_RANGE_LOOP_ANALYSIS = YES;
				CLANG_WARN_STRICT_PROTOTYPES = YES;
				CLANG_WARN_SUSPICIOUS_MOVE = YES;
				CLANG_WARN_UNGUARDED_AVAILABILITY = YES_AGGRESSIVE;
				CLANG_WARN_UNREACHABLE_CODE = YES;
				CLANG_WARN__DUPLICATE_METHOD_MATCH = YES;
				CODE_SIGN_IDENTITY = "iPhone Developer";
				COPY_PHASE_STRIP = NO;
				DEBUG_INFORMATION_FORMAT = dwarf;
				ENABLE_STRICT_OBJC_MSGSEND = YES;
				ENABLE_TESTABILITY = YES;
				GCC_C_LANGUAGE_STANDARD = gnu11;
				GCC_DYNAMIC_NO_PIC = NO;
				GCC_NO_COMMON_BLOCKS = YES;
				GCC_OPTIMIZATION_LEVEL = 0;
				GCC_PREPROCESSOR_DEFINITIONS = (
					"DEBUG=1",
					"$(inherited)",
				);
				GCC_WARN_64_TO_32_BIT_CONVERSION = YES;
				GCC_WARN_ABOUT_RETURN_TYPE = YES_ERROR;
				GCC_WARN_UNDECLARED_SELECTOR = YES;
				GCC_WARN_UNINITIALIZED_AUTOS = YES_AGGRESSIVE;
				GCC_WARN_UNUSED_FUNCTION = YES;
				GCC_WARN_UNUSED_VARIABLE = YES;
				IPHONEOS_DEPLOYMENT_TARGET = 11.4;
				MTL_ENABLE_DEBUG_INFO = YES;
				ONLY_ACTIVE_ARCH = YES;
				SDKROOT = iphoneos;
				SWIFT_ACTIVE_COMPILATION_CONDITIONS = DEBUG;
				SWIFT_OPTIMIZATION_LEVEL = "-Onone";
			};
			name = Debug;
		};
		21D0EB1220FD835200D474A5 /* Release */ = {
			isa = XCBuildConfiguration;
			buildSettings = {
				ALWAYS_SEARCH_USER_PATHS = NO;
				CLANG_ANALYZER_NONNULL = YES;
				CLANG_ANALYZER_NUMBER_OBJECT_CONVERSION = YES_AGGRESSIVE;
				CLANG_CXX_LANGUAGE_STANDARD = "gnu++14";
				CLANG_CXX_LIBRARY = "libc++";
				CLANG_ENABLE_MODULES = YES;
				CLANG_ENABLE_OBJC_ARC = YES;
				CLANG_ENABLE_OBJC_WEAK = YES;
				CLANG_WARN_BLOCK_CAPTURE_AUTORELEASING = YES;
				CLANG_WARN_BOOL_CONVERSION = YES;
				CLANG_WARN_COMMA = YES;
				CLANG_WARN_CONSTANT_CONVERSION = YES;
				CLANG_WARN_DEPRECATED_OBJC_IMPLEMENTATIONS = YES;
				CLANG_WARN_DIRECT_OBJC_ISA_USAGE = YES_ERROR;
				CLANG_WARN_DOCUMENTATION_COMMENTS = YES;
				CLANG_WARN_EMPTY_BODY = YES;
				CLANG_WARN_ENUM_CONVERSION = YES;
				CLANG_WARN_INFINITE_RECURSION = YES;
				CLANG_WARN_INT_CONVERSION = YES;
				CLANG_WARN_NON_LITERAL_NULL_CONVERSION = YES;
				CLANG_WARN_OBJC_IMPLICIT_RETAIN_SELF = YES;
				CLANG_WARN_OBJC_LITERAL_CONVERSION = YES;
				CLANG_WARN_OBJC_ROOT_CLASS = YES_ERROR;
				CLANG_WARN_RANGE_LOOP_ANALYSIS = YES;
				CLANG_WARN_STRICT_PROTOTYPES = YES;
				CLANG_WARN_SUSPICIOUS_MOVE = YES;
				CLANG_WARN_UNGUARDED_AVAILABILITY = YES_AGGRESSIVE;
				CLANG_WARN_UNREACHABLE_CODE = YES;
				CLANG_WARN__DUPLICATE_METHOD_MATCH = YES;
				CODE_SIGN_IDENTITY = "iPhone Developer";
				COPY_PHASE_STRIP = NO;
				DEBUG_INFORMATION_FORMAT = "dwarf-with-dsym";
				ENABLE_NS_ASSERTIONS = NO;
				ENABLE_STRICT_OBJC_MSGSEND = YES;
				GCC_C_LANGUAGE_STANDARD = gnu11;
				GCC_NO_COMMON_BLOCKS = YES;
				GCC_WARN_64_TO_32_BIT_CONVERSION = YES;
				GCC_WARN_ABOUT_RETURN_TYPE = YES_ERROR;
				GCC_WARN_UNDECLARED_SELECTOR = YES;
				GCC_WARN_UNINITIALIZED_AUTOS = YES_AGGRESSIVE;
				GCC_WARN_UNUSED_FUNCTION = YES;
				GCC_WARN_UNUSED_VARIABLE = YES;
				IPHONEOS_DEPLOYMENT_TARGET = 11.4;
				MTL_ENABLE_DEBUG_INFO = NO;
				SDKROOT = iphoneos;
				SWIFT_COMPILATION_MODE = wholemodule;
				SWIFT_OPTIMIZATION_LEVEL = "-O";
				VALIDATE_PRODUCT = YES;
			};
			name = Release;
		};
		21D0EB1420FD835200D474A5 /* Debug */ = {
			isa = XCBuildConfiguration;
			baseConfigurationReference = B13A5E2CACBCF64EF37996B2 /* Pods-MyDrinkWater.debug.xcconfig */;
			buildSettings = {
				ASSETCATALOG_COMPILER_APPICON_NAME = AppIcon;
				CODE_SIGN_STYLE = Automatic;
				DEVELOPMENT_TEAM = 9882Z38UYR;
				INFOPLIST_FILE = MyDrinkWater/Info.plist;
				IPHONEOS_DEPLOYMENT_TARGET = 9.0;
				LD_RUNPATH_SEARCH_PATHS = (
					"$(inherited)",
					"@executable_path/Frameworks",
				);
				PRODUCT_BUNDLE_IDENTIFIER = com.otctech.MyDrinkWater;
				PRODUCT_NAME = "$(TARGET_NAME)";
				SWIFT_VERSION = 4.0;
				TARGETED_DEVICE_FAMILY = "1,2";
			};
			name = Debug;
		};
		21D0EB1520FD835200D474A5 /* Release */ = {
			isa = XCBuildConfiguration;
			baseConfigurationReference = 21A626630DB4B315232508E5 /* Pods-MyDrinkWater.release.xcconfig */;
			buildSettings = {
				ASSETCATALOG_COMPILER_APPICON_NAME = AppIcon;
				CODE_SIGN_STYLE = Automatic;
				DEVELOPMENT_TEAM = 9882Z38UYR;
				INFOPLIST_FILE = MyDrinkWater/Info.plist;
				IPHONEOS_DEPLOYMENT_TARGET = 9.0;
				LD_RUNPATH_SEARCH_PATHS = (
					"$(inherited)",
					"@executable_path/Frameworks",
				);
				PRODUCT_BUNDLE_IDENTIFIER = com.otctech.MyDrinkWater;
				PRODUCT_NAME = "$(TARGET_NAME)";
				SWIFT_VERSION = 4.0;
				TARGETED_DEVICE_FAMILY = "1,2";
			};
			name = Release;
		};
		21D0EB1720FD835200D474A5 /* Debug */ = {
			isa = XCBuildConfiguration;
			buildSettings = {
				ALWAYS_EMBED_SWIFT_STANDARD_LIBRARIES = YES;
				BUNDLE_LOADER = "$(TEST_HOST)";
				CODE_SIGN_STYLE = Automatic;
				DEVELOPMENT_TEAM = 54K7QLXZUA;
				INFOPLIST_FILE = MyDrinkWaterTests/Info.plist;
				LD_RUNPATH_SEARCH_PATHS = (
					"$(inherited)",
					"@executable_path/Frameworks",
					"@loader_path/Frameworks",
				);
				PRODUCT_BUNDLE_IDENTIFIER = com.otctech.MyDrinkWaterTests;
				PRODUCT_NAME = "$(TARGET_NAME)";
				SWIFT_VERSION = 4.0;
				TARGETED_DEVICE_FAMILY = "1,2";
				TEST_HOST = "$(BUILT_PRODUCTS_DIR)/MyDrinkWater.app/MyDrinkWater";
			};
			name = Debug;
		};
		21D0EB1820FD835200D474A5 /* Release */ = {
			isa = XCBuildConfiguration;
			buildSettings = {
				ALWAYS_EMBED_SWIFT_STANDARD_LIBRARIES = YES;
				BUNDLE_LOADER = "$(TEST_HOST)";
				CODE_SIGN_STYLE = Automatic;
				DEVELOPMENT_TEAM = 54K7QLXZUA;
				INFOPLIST_FILE = MyDrinkWaterTests/Info.plist;
				LD_RUNPATH_SEARCH_PATHS = (
					"$(inherited)",
					"@executable_path/Frameworks",
					"@loader_path/Frameworks",
				);
				PRODUCT_BUNDLE_IDENTIFIER = com.otctech.MyDrinkWaterTests;
				PRODUCT_NAME = "$(TARGET_NAME)";
				SWIFT_VERSION = 4.0;
				TARGETED_DEVICE_FAMILY = "1,2";
				TEST_HOST = "$(BUILT_PRODUCTS_DIR)/MyDrinkWater.app/MyDrinkWater";
			};
			name = Release;
		};
		21D0EB1A20FD835200D474A5 /* Debug */ = {
			isa = XCBuildConfiguration;
			buildSettings = {
				ALWAYS_EMBED_SWIFT_STANDARD_LIBRARIES = YES;
				CODE_SIGN_STYLE = Automatic;
				DEVELOPMENT_TEAM = 54K7QLXZUA;
				INFOPLIST_FILE = MyDrinkWaterUITests/Info.plist;
				LD_RUNPATH_SEARCH_PATHS = (
					"$(inherited)",
					"@executable_path/Frameworks",
					"@loader_path/Frameworks",
				);
				PRODUCT_BUNDLE_IDENTIFIER = com.otctech.MyDrinkWaterUITests;
				PRODUCT_NAME = "$(TARGET_NAME)";
				SWIFT_VERSION = 4.0;
				TARGETED_DEVICE_FAMILY = "1,2";
				TEST_TARGET_NAME = MyDrinkWater;
			};
			name = Debug;
		};
		21D0EB1B20FD835200D474A5 /* Release */ = {
			isa = XCBuildConfiguration;
			buildSettings = {
				ALWAYS_EMBED_SWIFT_STANDARD_LIBRARIES = YES;
				CODE_SIGN_STYLE = Automatic;
				DEVELOPMENT_TEAM = 54K7QLXZUA;
				INFOPLIST_FILE = MyDrinkWaterUITests/Info.plist;
				LD_RUNPATH_SEARCH_PATHS = (
					"$(inherited)",
					"@executable_path/Frameworks",
					"@loader_path/Frameworks",
				);
				PRODUCT_BUNDLE_IDENTIFIER = com.otctech.MyDrinkWaterUITests;
				PRODUCT_NAME = "$(TARGET_NAME)";
				SWIFT_VERSION = 4.0;
				TARGETED_DEVICE_FAMILY = "1,2";
				TEST_TARGET_NAME = MyDrinkWater;
			};
			name = Release;
		};
/* End XCBuildConfiguration section */

/* Begin XCConfigurationList section */
		21D0EAE620FD835000D474A5 /* Build configuration list for PBXProject "MyDrinkWater" */ = {
			isa = XCConfigurationList;
			buildConfigurations = (
				21D0EB1120FD835200D474A5 /* Debug */,
				21D0EB1220FD835200D474A5 /* Release */,
			);
			defaultConfigurationIsVisible = 0;
			defaultConfigurationName = Release;
		};
		21D0EB1320FD835200D474A5 /* Build configuration list for PBXNativeTarget "MyDrinkWater" */ = {
			isa = XCConfigurationList;
			buildConfigurations = (
				21D0EB1420FD835200D474A5 /* Debug */,
				21D0EB1520FD835200D474A5 /* Release */,
			);
			defaultConfigurationIsVisible = 0;
			defaultConfigurationName = Release;
		};
		21D0EB1620FD835200D474A5 /* Build configuration list for PBXNativeTarget "MyDrinkWaterTests" */ = {
			isa = XCConfigurationList;
			buildConfigurations = (
				21D0EB1720FD835200D474A5 /* Debug */,
				21D0EB1820FD835200D474A5 /* Release */,
			);
			defaultConfigurationIsVisible = 0;
			defaultConfigurationName = Release;
		};
		21D0EB1920FD835200D474A5 /* Build configuration list for PBXNativeTarget "MyDrinkWaterUITests" */ = {
			isa = XCConfigurationList;
			buildConfigurations = (
				21D0EB1A20FD835200D474A5 /* Debug */,
				21D0EB1B20FD835200D474A5 /* Release */,
			);
			defaultConfigurationIsVisible = 0;
			defaultConfigurationName = Release;
		};
/* End XCConfigurationList section */
	};
	rootObject = 21D0EAE320FD835000D474A5 /* Project object */;
}
